
Microsoft Visual Studio Solution File, Format Version 12.00
# Visual Studio Version 17
VisualStudioVersion = 17.6.33801.468
MinimumVisualStudioVersion = 10.0.40219.1
Project("{FAE04EC0-301F-11D3-BF4B-00C04F79EFBC}") = "Taps", "Taps\Taps.csproj", "{181190A8-D48B-49F4-88E4-DA1F826E0E44}"
EndProject
Global
	GlobalSection(SolutionConfigurationPlatforms) = preSolution
		Debug|Any CPU = Debug|Any CPU
		Release|Any CPU = Release|Any CPU
	EndGlobalSection
	GlobalSection(ProjectConfigurationPlatforms) = postSolution
		{181190A8-D48B-49F4-88E4-DA1F826E0E44}.Debug|Any CPU.ActiveCfg = Debug|Any CPU
		{181190A8-D48B-49F4-88E4-DA1F826E0E44}.Debug|Any CPU.Build.0 = Debug|Any CPU
		{181190A8-D48B-49F4-88E4-DA1F826E0E44}.Debug|Any CPU.Deploy.0 = Debug|Any CPU
		{181190A8-D48B-49F4-88E4-DA1F826E0E44}.Release|Any CPU.ActiveCfg = Release|Any CPU
		{181190A8-D48B-49F4-88E4-DA1F826E0E44}.Release|Any CPU.Build.0 = Release|Any CPU
		{181190A8-D48B-49F4-88E4-DA1F826E0E44}.Release|Any CPU.Deploy.0 = Release|Any CPU
	EndGlobalSection
	GlobalSection(SolutionProperties) = preSolution
		HideSolutionNode = FALSE
	EndGlobalSection
	GlobalSection(ExtensibilityGlobals) = postSolution
		SolutionGuid = {07E4EE1F-62F9-4338-9CA1-B19E8B3AB824}
	EndGlobalSection
EndGlobal
